
Microsoft Visual Studio Solution File, Format Version 12.00
# Visual Studio 15
VisualStudioVersion = 15.0.27130.2027
MinimumVisualStudioVersion = 10.0.40219.1
Project("{FAE04EC0-301F-11D3-BF4B-00C04F79EFBC}") = "Algorithms", "Algorithms\Algorithms.csproj", "{48AE4ECC-B411-4100-88AB-7CF4662C0805}"
EndProject
Project("{FAE04EC0-301F-11D3-BF4B-00C04F79EFBC}") = "Tests", "Tests\Tests.csproj", "{134C5160-CE7F-4B4B-B2A1-10F6E81107F3}"
EndProject
Project("{FAE04EC0-301F-11D3-BF4B-00C04F79EFBC}") = "MathAlgorithms", "MathAlgorithms\MathAlgorithms.csproj", "{794D688C-6DB3-42C6-9FD5-9DFAF142E0D9}"
EndProject
Global
	GlobalSection(SolutionConfigurationPlatforms) = preSolution
		Debug|Any CPU = Debug|Any CPU
		Release|Any CPU = Release|Any CPU
	EndGlobalSection
	GlobalSection(ProjectConfigurationPlatforms) = postSolution
		{48AE4ECC-B411-4100-88AB-7CF4662C0805}.Debug|Any CPU.ActiveCfg = Debug|Any CPU
		{48AE4ECC-B411-4100-88AB-7CF4662C0805}.Debug|Any CPU.Build.0 = Debug|Any CPU
		{48AE4ECC-B411-4100-88AB-7CF4662C0805}.Release|Any CPU.ActiveCfg = Release|Any CPU
		{48AE4ECC-B411-4100-88AB-7CF4662C0805}.Release|Any CPU.Build.0 = Release|Any CPU
		{134C5160-CE7F-4B4B-B2A1-10F6E81107F3}.Debug|Any CPU.ActiveCfg = Debug|Any CPU
		{134C5160-CE7F-4B4B-B2A1-10F6E81107F3}.Debug|Any CPU.Build.0 = Debug|Any CPU
		{134C5160-CE7F-4B4B-B2A1-10F6E81107F3}.Release|Any CPU.ActiveCfg = Release|Any CPU
		{134C5160-CE7F-4B4B-B2A1-10F6E81107F3}.Release|Any CPU.Build.0 = Release|Any CPU
		{794D688C-6DB3-42C6-9FD5-9DFAF142E0D9}.Debug|Any CPU.ActiveCfg = Debug|Any CPU
		{794D688C-6DB3-42C6-9FD5-9DFAF142E0D9}.Debug|Any CPU.Build.0 = Debug|Any CPU
		{794D688C-6DB3-42C6-9FD5-9DFAF142E0D9}.Release|Any CPU.ActiveCfg = Release|Any CPU
		{794D688C-6DB3-42C6-9FD5-9DFAF142E0D9}.Release|Any CPU.Build.0 = Release|Any CPU
	EndGlobalSection
	GlobalSection(SolutionProperties) = preSolution
		HideSolutionNode = FALSE
	EndGlobalSection
	GlobalSection(ExtensibilityGlobals) = postSolution
		SolutionGuid = {FB60DFA0-7699-4251-997F-81C1C1F519BC}
	EndGlobalSection
EndGlobal
